
Microsoft Visual Studio Solution File, Format Version 12.00
# Visual Studio Version 16
VisualStudioVersion = 16.0.810.19
MinimumVisualStudioVersion = 10.0.40219.1
Project("{FAE04EC0-301F-11D3-BF4B-00C04F79EFBC}") = "Bookstore", "Bookstore.csproj", "{B1522424-062A-4AE1-9EF6-5EBDE54CBED8}"
EndProject
Global
	GlobalSection(SolutionConfigurationPlatforms) = preSolution
		Debug|Any CPU = Debug|Any CPU
		Release|Any CPU = Release|Any CPU
	EndGlobalSection
	GlobalSection(ProjectConfigurationPlatforms) = postSolution
		{B1522424-062A-4AE1-9EF6-5EBDE54CBED8}.Debug|Any CPU.ActiveCfg = Debug|Any CPU
		{B1522424-062A-4AE1-9EF6-5EBDE54CBED8}.Debug|Any CPU.Build.0 = Debug|Any CPU
		{B1522424-062A-4AE1-9EF6-5EBDE54CBED8}.Release|Any CPU.ActiveCfg = Release|Any CPU
		{B1522424-062A-4AE1-9EF6-5EBDE54CBED8}.Release|Any CPU.Build.0 = Release|Any CPU
	EndGlobalSection
	GlobalSection(SolutionProperties) = preSolution
		HideSolutionNode = FALSE
	EndGlobalSection
	GlobalSection(ExtensibilityGlobals) = postSolution
		SolutionGuid = {C7F619DE-095A-4809-9CB6-820D8E05BAE6}
	EndGlobalSection
EndGlobal
